
Microsoft Visual Studio Solution File, Format Version 12.00
# Visual Studio Version 16
VisualStudioVersion = 16.0.30804.86
MinimumVisualStudioVersion = 10.0.40219.1
Project("{FAE04EC0-301F-11D3-BF4B-00C04F79EFBC}") = "CoreCrudProject", "CoreCrudProject\CoreCrudProject.csproj", "{B051AE68-D59E-4F1A-A696-0024C9A6625D}"
EndProject
Global
	GlobalSection(SolutionConfigurationPlatforms) = preSolution
		Debug|Any CPU = Debug|Any CPU
		Release|Any CPU = Release|Any CPU
	EndGlobalSection
	GlobalSection(ProjectConfigurationPlatforms) = postSolution
		{B051AE68-D59E-4F1A-A696-0024C9A6625D}.Debug|Any CPU.ActiveCfg = Debug|Any CPU
		{B051AE68-D59E-4F1A-A696-0024C9A6625D}.Debug|Any CPU.Build.0 = Debug|Any CPU
		{B051AE68-D59E-4F1A-A696-0024C9A6625D}.Release|Any CPU.ActiveCfg = Release|Any CPU
		{B051AE68-D59E-4F1A-A696-0024C9A6625D}.Release|Any CPU.Build.0 = Release|Any CPU
	EndGlobalSection
	GlobalSection(SolutionProperties) = preSolution
		HideSolutionNode = FALSE
	EndGlobalSection
	GlobalSection(ExtensibilityGlobals) = postSolution
		SolutionGuid = {544AC3D9-0691-4939-95EF-C618D1230A7B}
	EndGlobalSection
EndGlobal
